PODS:
  - Flutter (1.0.0)
  - flutter_env_native (0.0.1):
    - Flutter

DEPENDENCIES:
  - Flutter (from `Flutter`)
  - flutter_env_native (from `.symlinks/plugins/flutter_env_native/ios`)

EXTERNAL SOURCES:
  Flutter:
    :path: Flutter
  flutter_env_native:
    :path: ".symlinks/plugins/flutter_env_native/ios"

SPEC CHECKSUMS:
  Flutter: e0871f40cf51350855a761d2e70bf5af5b9b5de7
  flutter_env_native: 52530b3bced65bd04f849b447c298e75d12565e6

PODFILE CHECKSUM: ae7f639c7a7fe716a9c40d082024e2f0b2d78861

COCOAPODS: 1.15.2
