PODS:
  - Flutter (1.0.0)
  - flutter_env (0.0.1):
    - Flutter
  - integration_test (0.0.1):
    - Flutter

DEPENDENCIES:
  - Flutter (from `Flutter`)
  - flutter_env (from `.symlinks/plugins/flutter_env/ios`)
  - integration_test (from `.symlinks/plugins/integration_test/ios`)

EXTERNAL SOURCES:
  Flutter:
    :path: Flutter
  flutter_env:
    :path: ".symlinks/plugins/flutter_env/ios"
  integration_test:
    :path: ".symlinks/plugins/integration_test/ios"

SPEC CHECKSUMS:
  Flutter: e0871f40cf51350855a761d2e70bf5af5b9b5de7
  flutter_env: 7e0fdd18628cfac8222af52386882356feaa3c49
  integration_test: ce0a3ffa1de96d1a89ca0ac26fca7ea18a749ef4

PODFILE CHECKSUM: 819463e6a0290f5a72f145ba7cde16e8b6ef0796

COCOAPODS: 1.15.2
