PODS:
  - Flutter (1.0.0)
  - flutter_env (0.0.1):
    - Flutter

DEPENDENCIES:
  - Flutter (from `Flutter`)
  - flutter_env (from `.symlinks/plugins/flutter_env/ios`)

EXTERNAL SOURCES:
  Flutter:
    :path: Flutter
  flutter_env:
    :path: ".symlinks/plugins/flutter_env/ios"

SPEC CHECKSUMS:
  Flutter: e0871f40cf51350855a761d2e70bf5af5b9b5de7
  flutter_env: 7e0fdd18628cfac8222af52386882356feaa3c49

PODFILE CHECKSUM: d5f9499f5a9e1c12b8ed9d9af8267c8666b6345c

COCOAPODS: 1.15.2
